
Microsoft Visual Studio Solution File, Format Version 12.00
# Visual Studio Version 16
VisualStudioVersion = 16.0.30611.23
MinimumVisualStudioVersion = 10.0.40219.1
Project("{9A19103F-16F7-4668-BE54-9A1E7A4F7556}") = "Honamic.Identity.Jwt", "src\Honamic.Identity.Jwt\Honamic.Identity.Jwt.csproj", "{6FD92342-EC6F-4754-9A59-6B7EF618CF39}"
EndProject
Project("{9A19103F-16F7-4668-BE54-9A1E7A4F7556}") = "Honamic.Identity.Jwt.Sample", "src\Honamic.Identity.Jwt.Sample\Honamic.Identity.Jwt.Sample.csproj", "{8312C79A-C8D4-41A8-86C6-628B3BD68363}"
EndProject
Global
	GlobalSection(SolutionConfigurationPlatforms) = preSolution
		Debug|Any CPU = Debug|Any CPU
		Release|Any CPU = Release|Any CPU
	EndGlobalSection
	GlobalSection(ProjectConfigurationPlatforms) = postSolution
		{6FD92342-EC6F-4754-9A59-6B7EF618CF39}.Debug|Any CPU.ActiveCfg = Debug|Any CPU
		{6FD92342-EC6F-4754-9A59-6B7EF618CF39}.Debug|Any CPU.Build.0 = Debug|Any CPU
		{6FD92342-EC6F-4754-9A59-6B7EF618CF39}.Release|Any CPU.ActiveCfg = Release|Any CPU
		{6FD92342-EC6F-4754-9A59-6B7EF618CF39}.Release|Any CPU.Build.0 = Release|Any CPU
		{8312C79A-C8D4-41A8-86C6-628B3BD68363}.Debug|Any CPU.ActiveCfg = Debug|Any CPU
		{8312C79A-C8D4-41A8-86C6-628B3BD68363}.Debug|Any CPU.Build.0 = Debug|Any CPU
		{8312C79A-C8D4-41A8-86C6-628B3BD68363}.Release|Any CPU.ActiveCfg = Release|Any CPU
		{8312C79A-C8D4-41A8-86C6-628B3BD68363}.Release|Any CPU.Build.0 = Release|Any CPU
	EndGlobalSection
	GlobalSection(SolutionProperties) = preSolution
		HideSolutionNode = FALSE
	EndGlobalSection
	GlobalSection(ExtensibilityGlobals) = postSolution
		SolutionGuid = {890DA323-CAEB-4867-B8E5-01192717E96B}
	EndGlobalSection
EndGlobal
