
Microsoft Visual Studio Solution File, Format Version 12.00
# Visual Studio Version 16
VisualStudioVersion = 16.0.30611.23
MinimumVisualStudioVersion = 10.0.40219.1
Project("{9A19103F-16F7-4668-BE54-9A1E7A4F7556}") = "Honamic.Identity.JwtAuthentication", "src\Honamic.Identity.JwtAuthentication\Honamic.Identity.JwtAuthentication.csproj", "{560C331E-5B40-4663-9429-DE9F5952DCB4}"
EndProject
Project("{9A19103F-16F7-4668-BE54-9A1E7A4F7556}") = "Honamic.Identity.JwtAuthentication.Sample", "src\Honamic.Identity.JwtAuthentication.Sample\Honamic.Identity.JwtAuthentication.Sample.csproj", "{0602978F-6C47-4792-BE81-A4EA65F5D66A}"
EndProject
Project("{FAE04EC0-301F-11D3-BF4B-00C04F79EFBC}") = "Honamic.Identity.JwtAuthentication.Test", "src\Honamic.Identity.JwtAuthentication.Test\Honamic.Identity.JwtAuthentication.Test.csproj", "{AE125789-1275-4562-89BE-1179D325173C}"
EndProject
Global
	GlobalSection(SolutionConfigurationPlatforms) = preSolution
		Debug|Any CPU = Debug|Any CPU
		Release|Any CPU = Release|Any CPU
	EndGlobalSection
	GlobalSection(ProjectConfigurationPlatforms) = postSolution
		{560C331E-5B40-4663-9429-DE9F5952DCB4}.Debug|Any CPU.ActiveCfg = Debug|Any CPU
		{560C331E-5B40-4663-9429-DE9F5952DCB4}.Debug|Any CPU.Build.0 = Debug|Any CPU
		{560C331E-5B40-4663-9429-DE9F5952DCB4}.Release|Any CPU.ActiveCfg = Release|Any CPU
		{560C331E-5B40-4663-9429-DE9F5952DCB4}.Release|Any CPU.Build.0 = Release|Any CPU
		{0602978F-6C47-4792-BE81-A4EA65F5D66A}.Debug|Any CPU.ActiveCfg = Debug|Any CPU
		{0602978F-6C47-4792-BE81-A4EA65F5D66A}.Debug|Any CPU.Build.0 = Debug|Any CPU
		{0602978F-6C47-4792-BE81-A4EA65F5D66A}.Release|Any CPU.ActiveCfg = Release|Any CPU
		{0602978F-6C47-4792-BE81-A4EA65F5D66A}.Release|Any CPU.Build.0 = Release|Any CPU
		{AE125789-1275-4562-89BE-1179D325173C}.Debug|Any CPU.ActiveCfg = Debug|Any CPU
		{AE125789-1275-4562-89BE-1179D325173C}.Debug|Any CPU.Build.0 = Debug|Any CPU
		{AE125789-1275-4562-89BE-1179D325173C}.Release|Any CPU.ActiveCfg = Release|Any CPU
		{AE125789-1275-4562-89BE-1179D325173C}.Release|Any CPU.Build.0 = Release|Any CPU
	EndGlobalSection
	GlobalSection(SolutionProperties) = preSolution
		HideSolutionNode = FALSE
	EndGlobalSection
	GlobalSection(ExtensibilityGlobals) = postSolution
		SolutionGuid = {890DA323-CAEB-4867-B8E5-01192717E96B}
	EndGlobalSection
EndGlobal
